
Microsoft Visual Studio Solution File, Format Version 12.00
# Visual Studio Version 17
VisualStudioVersion = 17.12.35527.113
MinimumVisualStudioVersion = 10.0.40219.1
Project("{FAE04EC0-301F-11D3-BF4B-00C04F79EFBC}") = "KzA.PcapNg", "KzA.PcapNg\KzA.PcapNg.csproj", "{9B35E06E-637F-408A-9FFD-7CF6B7852DEE}"
EndProject
Project("{FAE04EC0-301F-11D3-BF4B-00C04F79EFBC}") = "KzA.PcapNg.Test", "KzA.Pcapng.Test\KzA.PcapNg.Test.csproj", "{6391AC7E-0ECD-49CF-A5AA-82000F8FB87E}"
EndProject
Global
	GlobalSection(SolutionConfigurationPlatforms) = preSolution
		Debug|Any CPU = Debug|Any CPU
		Release|Any CPU = Release|Any CPU
	EndGlobalSection
	GlobalSection(ProjectConfigurationPlatforms) = postSolution
		{9B35E06E-637F-408A-9FFD-7CF6B7852DEE}.Debug|Any CPU.ActiveCfg = Debug|Any CPU
		{9B35E06E-637F-408A-9FFD-7CF6B7852DEE}.Debug|Any CPU.Build.0 = Debug|Any CPU
		{9B35E06E-637F-408A-9FFD-7CF6B7852DEE}.Release|Any CPU.ActiveCfg = Release|Any CPU
		{9B35E06E-637F-408A-9FFD-7CF6B7852DEE}.Release|Any CPU.Build.0 = Release|Any CPU
		{6391AC7E-0ECD-49CF-A5AA-82000F8FB87E}.Debug|Any CPU.ActiveCfg = Debug|Any CPU
		{6391AC7E-0ECD-49CF-A5AA-82000F8FB87E}.Debug|Any CPU.Build.0 = Debug|Any CPU
		{6391AC7E-0ECD-49CF-A5AA-82000F8FB87E}.Release|Any CPU.ActiveCfg = Release|Any CPU
		{6391AC7E-0ECD-49CF-A5AA-82000F8FB87E}.Release|Any CPU.Build.0 = Release|Any CPU
	EndGlobalSection
	GlobalSection(SolutionProperties) = preSolution
		HideSolutionNode = FALSE
	EndGlobalSection
EndGlobal
